// !$*UTF8*$!
{
	archiveVersion = 1;
	classes = {
	};
	objectVersion = 46;
	objects = {

/* Begin PBXBuildFile section */
		AC2B59011C0977F000C0DC8E /* ConfirmController.swift in Sources */ = {isa = PBXBuildFile; fileRef = AC2B59001C0977F000C0DC8E /* ConfirmController.swift */; };
		AC2B590A1C0A1D1300C0DC8E /* ReenactControllerBase.swift in Sources */ = {isa = PBXBuildFile; fileRef = AC2B59091C0A1D1300C0DC8E /* ReenactControllerBase.swift */; };
		AC2B590E1C0AA44000C0DC8E /* help.png in Resources */ = {isa = PBXBuildFile; fileRef = AC2B590D1C0AA44000C0DC8E /* help.png */; };
		AC2B59131C0AA46100C0DC8E /* back.png in Resources */ = {isa = PBXBuildFile; fileRef = AC2B590F1C0AA46100C0DC8E /* back.png */; };
		AC2B59141C0AA46100C0DC8E /* camera-switch.png in Resources */ = {isa = PBXBuildFile; fileRef = AC2B59101C0AA46100C0DC8E /* camera-switch.png */; };
		AC2B59151C0AA46100C0DC8E /* camera.png in Resources */ = {isa = PBXBuildFile; fileRef = AC2B59111C0AA46100C0DC8E /* camera.png */; };
		AC2B59161C0AA46100C0DC8E /* checkmark.png in Resources */ = {isa = PBXBuildFile; fileRef = AC2B59121C0AA46100C0DC8E /* checkmark.png */; };
		AC2B591A1C0AA57A00C0DC8E /* close.png in Resources */ = {isa = PBXBuildFile; fileRef = AC2B59171C0AA57A00C0DC8E /* close.png */; };
		AC2B591B1C0AA57A00C0DC8E /* replay.png in Resources */ = {isa = PBXBuildFile; fileRef = AC2B59181C0AA57A00C0DC8E /* replay.png */; };
		AC2B591C1C0AA57A00C0DC8E /* share.png in Resources */ = {isa = PBXBuildFile; fileRef = AC2B59191C0AA57A00C0DC8E /* share.png */; };
		AC2B591E1C0AA59A00C0DC8E /* logo.png in Resources */ = {isa = PBXBuildFile; fileRef = AC2B591D1C0AA59A00C0DC8E /* logo.png */; };
		AC2B59201C0AA67200C0DC8E /* ShareController.swift in Sources */ = {isa = PBXBuildFile; fileRef = AC2B591F1C0AA67200C0DC8E /* ShareController.swift */; };
		AC2B59221C0AA8FD00C0DC8E /* HelpController.swift in Sources */ = {isa = PBXBuildFile; fileRef = AC2B59211C0AA8FD00C0DC8E /* HelpController.swift */; };
		AC6C4A071C07CCC10092A285 /* CaptureController.swift in Sources */ = {isa = PBXBuildFile; fileRef = AC6C4A061C07CCC10092A285 /* CaptureController.swift */; };
		ACEC31661C06765C00EFA165 /* AppDelegate.swift in Sources */ = {isa = PBXBuildFile; fileRef = ACEC31651C06765C00EFA165 /* AppDelegate.swift */; };
		ACEC31681C06765C00EFA165 /* IntroController.swift in Sources */ = {isa = PBXBuildFile; fileRef = ACEC31671C06765C00EFA165 /* IntroController.swift */; };
		ACEC316B1C06765C00EFA165 /* Main.storyboard in Resources */ = {isa = PBXBuildFile; fileRef = ACEC31691C06765C00EFA165 /* Main.storyboard */; };
		ACEC316D1C06765C00EFA165 /* Assets.xcassets in Resources */ = {isa = PBXBuildFile; fileRef = ACEC316C1C06765C00EFA165 /* Assets.xcassets */; };
		ACEC31701C06765C00EFA165 /* LaunchScreen.storyboard in Resources */ = {isa = PBXBuildFile; fileRef = ACEC316E1C06765C00EFA165 /* LaunchScreen.storyboard */; };
/* End PBXBuildFile section */

/* Begin PBXFileReference section */
		AC2B59001C0977F000C0DC8E /* ConfirmController.swift */ = {isa = PBXFileReference; fileEncoding = 4; lastKnownFileType = sourcecode.swift; path = ConfirmController.swift; sourceTree = "<group>"; };
		AC2B59091C0A1D1300C0DC8E /* ReenactControllerBase.swift */ = {isa = PBXFileReference; fileEncoding = 4; lastKnownFileType = sourcecode.swift; path = ReenactControllerBase.swift; sourceTree = "<group>"; };
		AC2B590D1C0AA44000C0DC8E /* help.png */ = {isa = PBXFileReference; lastKnownFileType = image.png; path = help.png; sourceTree = "<group>"; };
		AC2B590F1C0AA46100C0DC8E /* back.png */ = {isa = PBXFileReference; lastKnownFileType = image.png; path = back.png; sourceTree = "<group>"; };
		AC2B59101C0AA46100C0DC8E /* camera-switch.png */ = {isa = PBXFileReference; lastKnownFileType = image.png; path = "camera-switch.png"; sourceTree = "<group>"; };
		AC2B59111C0AA46100C0DC8E /* camera.png */ = {isa = PBXFileReference; lastKnownFileType = image.png; path = camera.png; sourceTree = "<group>"; };
		AC2B59121C0AA46100C0DC8E /* checkmark.png */ = {isa = PBXFileReference; lastKnownFileType = image.png; path = checkmark.png; sourceTree = "<group>"; };
		AC2B59171C0AA57A00C0DC8E /* close.png */ = {isa = PBXFileReference; lastKnownFileType = image.png; path = close.png; sourceTree = "<group>"; };
		AC2B59181C0AA57A00C0DC8E /* replay.png */ = {isa = PBXFileReference; lastKnownFileType = image.png; path = replay.png; sourceTree = "<group>"; };
		AC2B59191C0AA57A00C0DC8E /* share.png */ = {isa = PBXFileReference; lastKnownFileType = image.png; path = share.png; sourceTree = "<group>"; };
		AC2B591D1C0AA59A00C0DC8E /* logo.png */ = {isa = PBXFileReference; lastKnownFileType = image.png; path = logo.png; sourceTree = "<group>"; };
		AC2B591F1C0AA67200C0DC8E /* ShareController.swift */ = {isa = PBXFileReference; fileEncoding = 4; lastKnownFileType = sourcecode.swift; path = ShareController.swift; sourceTree = "<group>"; };
		AC2B59211C0AA8FD00C0DC8E /* HelpController.swift */ = {isa = PBXFileReference; fileEncoding = 4; lastKnownFileType = sourcecode.swift; path = HelpController.swift; sourceTree = "<group>"; };
		AC6C4A061C07CCC10092A285 /* CaptureController.swift */ = {isa = PBXFileReference; fileEncoding = 4; lastKnownFileType = sourcecode.swift; path = CaptureController.swift; sourceTree = "<group>"; };
		ACEC31621C06765C00EFA165 /* Reenact.app */ = {isa = PBXFileReference; explicitFileType = wrapper.application; includeInIndex = 0; path = Reenact.app; sourceTree = BUILT_PRODUCTS_DIR; };
		ACEC31651C06765C00EFA165 /* AppDelegate.swift */ = {isa = PBXFileReference; lastKnownFileType = sourcecode.swift; path = AppDelegate.swift; sourceTree = "<group>"; };
		ACEC31671C06765C00EFA165 /* IntroController.swift */ = {isa = PBXFileReference; lastKnownFileType = sourcecode.swift; path = IntroController.swift; sourceTree = "<group>"; };
		ACEC316A1C06765C00EFA165 /* Base */ = {isa = PBXFileReference; lastKnownFileType = file.storyboard; name = Base; path = Base.lproj/Main.storyboard; sourceTree = "<group>"; };
		ACEC316C1C06765C00EFA165 /* Assets.xcassets */ = {isa = PBXFileReference; lastKnownFileType = folder.assetcatalog; path = Assets.xcassets; sourceTree = "<group>"; };
		ACEC316F1C06765C00EFA165 /* Base */ = {isa = PBXFileReference; lastKnownFileType = file.storyboard; name = Base; path = Base.lproj/LaunchScreen.storyboard; sourceTree = "<group>"; };
		ACEC31711C06765C00EFA165 /* Info.plist */ = {isa = PBXFileReference; lastKnownFileType = text.plist.xml; path = Info.plist; sourceTree = "<group>"; };
/* End PBXFileReference section */

/* Begin PBXFrameworksBuildPhase section */
		ACEC315F1C06765C00EFA165 /* Frameworks */ = {
			isa = PBXFrameworksBuildPhase;
			buildActionMask = 2147483647;
			files = (
			);
			runOnlyForDeploymentPostprocessing = 0;
		};
/* End PBXFrameworksBuildPhase section */

/* Begin PBXGroup section */
		ACEC31591C06765C00EFA165 = {
			isa = PBXGroup;
			children = (
				ACEC31641C06765C00EFA165 /* Reenact */,
				ACEC31631C06765C00EFA165 /* Products */,
			);
			sourceTree = "<group>";
		};
		ACEC31631C06765C00EFA165 /* Products */ = {
			isa = PBXGroup;
			children = (
				ACEC31621C06765C00EFA165 /* Reenact.app */,
			);
			name = Products;
			sourceTree = "<group>";
		};
		ACEC31641C06765C00EFA165 /* Reenact */ = {
			isa = PBXGroup;
			children = (
				ACEC31691C06765C00EFA165 /* Main.storyboard */,
				ACEC31671C06765C00EFA165 /* IntroController.swift */,
				AC2B59211C0AA8FD00C0DC8E /* HelpController.swift */,
				AC6C4A061C07CCC10092A285 /* CaptureController.swift */,
				AC2B59001C0977F000C0DC8E /* ConfirmController.swift */,
				AC2B591F1C0AA67200C0DC8E /* ShareController.swift */,
				AC2B590F1C0AA46100C0DC8E /* back.png */,
				AC2B591D1C0AA59A00C0DC8E /* logo.png */,
				AC2B59171C0AA57A00C0DC8E /* close.png */,
				AC2B59181C0AA57A00C0DC8E /* replay.png */,
				AC2B59191C0AA57A00C0DC8E /* share.png */,
				AC2B59101C0AA46100C0DC8E /* camera-switch.png */,
				AC2B59111C0AA46100C0DC8E /* camera.png */,
				AC2B59121C0AA46100C0DC8E /* checkmark.png */,
				AC2B590D1C0AA44000C0DC8E /* help.png */,
				AC2B59091C0A1D1300C0DC8E /* ReenactControllerBase.swift */,
				ACEC316C1C06765C00EFA165 /* Assets.xcassets */,
				ACEC31651C06765C00EFA165 /* AppDelegate.swift */,
				ACEC316E1C06765C00EFA165 /* LaunchScreen.storyboard */,
				ACEC31711C06765C00EFA165 /* Info.plist */,
			);
			path = Reenact;
			sourceTree = "<group>";
		};
/* End PBXGroup section */

/* Begin PBXNativeTarget section */
		ACEC31611C06765C00EFA165 /* Reenact */ = {
			isa = PBXNativeTarget;
			buildConfigurationList = ACEC31741C06765C00EFA165 /* Build configuration list for PBXNativeTarget "Reenact" */;
			buildPhases = (
				ACEC315E1C06765C00EFA165 /* Sources */,
				ACEC315F1C06765C00EFA165 /* Frameworks */,
				ACEC31601C06765C00EFA165 /* Resources */,
			);
			buildRules = (
			);
			dependencies = (
			);
			name = Reenact;
			productName = Reenact;
			productReference = ACEC31621C06765C00EFA165 /* Reenact.app */;
			productType = "com.apple.product-type.application";
		};
/* End PBXNativeTarget section */

/* Begin PBXProject section */
		ACEC315A1C06765C00EFA165 /* Project object */ = {
			isa = PBXProject;
			attributes = {
				LastSwiftUpdateCheck = 0710;
				LastUpgradeCheck = 0710;
				ORGANIZATIONNAME = "Christopher Finke";
				TargetAttributes = {
					ACEC31611C06765C00EFA165 = {
						CreatedOnToolsVersion = 7.1;
						DevelopmentTeam = LL4A294QMA;
					};
				};
			};
			buildConfigurationList = ACEC315D1C06765C00EFA165 /* Build configuration list for PBXProject "Reenact" */;
			compatibilityVersion = "Xcode 3.2";
			developmentRegion = English;
			hasScannedForEncodings = 0;
			knownRegions = (
				en,
				Base,
			);
			mainGroup = ACEC31591C06765C00EFA165;
			productRefGroup = ACEC31631C06765C00EFA165 /* Products */;
			projectDirPath = "";
			projectRoot = "";
			targets = (
				ACEC31611C06765C00EFA165 /* Reenact */,
			);
		};
/* End PBXProject section */

/* Begin PBXResourcesBuildPhase section */
		ACEC31601C06765C00EFA165 /* Resources */ = {
			isa = PBXResourcesBuildPhase;
			buildActionMask = 2147483647;
			files = (
				AC2B591A1C0AA57A00C0DC8E /* close.png in Resources */,
				AC2B590E1C0AA44000C0DC8E /* help.png in Resources */,
				AC2B59161C0AA46100C0DC8E /* checkmark.png in Resources */,
				AC2B59151C0AA46100C0DC8E /* camera.png in Resources */,
				AC2B591C1C0AA57A00C0DC8E /* share.png in Resources */,
				AC2B591B1C0AA57A00C0DC8E /* replay.png in Resources */,
				AC2B59131C0AA46100C0DC8E /* back.png in Resources */,
				AC2B59141C0AA46100C0DC8E /* camera-switch.png in Resources */,
				AC2B591E1C0AA59A00C0DC8E /* logo.png in Resources */,
				ACEC31701C06765C00EFA165 /* LaunchScreen.storyboard in Resources */,
				ACEC316D1C06765C00EFA165 /* Assets.xcassets in Resources */,
				ACEC316B1C06765C00EFA165 /* Main.storyboard in Resources */,
			);
			runOnlyForDeploymentPostprocessing = 0;
		};
/* End PBXResourcesBuildPhase section */

/* Begin PBXSourcesBuildPhase section */
		ACEC315E1C06765C00EFA165 /* Sources */ = {
			isa = PBXSourcesBuildPhase;
			buildActionMask = 2147483647;
			files = (
				AC2B59011C0977F000C0DC8E /* ConfirmController.swift in Sources */,
				AC2B59221C0AA8FD00C0DC8E /* HelpController.swift in Sources */,
				AC6C4A071C07CCC10092A285 /* CaptureController.swift in Sources */,
				AC2B590A1C0A1D1300C0DC8E /* ReenactControllerBase.swift in Sources */,
				AC2B59201C0AA67200C0DC8E /* ShareController.swift in Sources */,
				ACEC31681C06765C00EFA165 /* IntroController.swift in Sources */,
				ACEC31661C06765C00EFA165 /* AppDelegate.swift in Sources */,
			);
			runOnlyForDeploymentPostprocessing = 0;
		};
/* End PBXSourcesBuildPhase section */

/* Begin PBXVariantGroup section */
		ACEC31691C06765C00EFA165 /* Main.storyboard */ = {
			isa = PBXVariantGroup;
			children = (
				ACEC316A1C06765C00EFA165 /* Base */,
			);
			name = Main.storyboard;
			sourceTree = "<group>";
		};
		ACEC316E1C06765C00EFA165 /* LaunchScreen.storyboard */ = {
			isa = PBXVariantGroup;
			children = (
				ACEC316F1C06765C00EFA165 /* Base */,
			);
			name = LaunchScreen.storyboard;
			sourceTree = "<group>";
		};
/* End PBXVariantGroup section */

/* Begin XCBuildConfiguration section */
		ACEC31721C06765C00EFA165 /* Debug */ = {
			isa = XCBuildConfiguration;
			buildSettings = {
				ALWAYS_SEARCH_USER_PATHS = NO;
				CLANG_CXX_LANGUAGE_STANDARD = "gnu++0x";
				CLANG_CXX_LIBRARY = "libc++";
				CLANG_ENABLE_MODULES = YES;
				CLANG_ENABLE_OBJC_ARC = YES;
				CLANG_WARN_BOOL_CONVERSION = YES;
				CLANG_WARN_CONSTANT_CONVERSION = YES;
				CLANG_WARN_DIRECT_OBJC_ISA_USAGE = YES_ERROR;
				CLANG_WARN_EMPTY_BODY = YES;
				CLANG_WARN_ENUM_CONVERSION = YES;
				CLANG_WARN_INT_CONVERSION = YES;
				CLANG_WARN_OBJC_ROOT_CLASS = YES_ERROR;
				CLANG_WARN_UNREACHABLE_CODE = YES;
				CLANG_WARN__DUPLICATE_METHOD_MATCH = YES;
				"CODE_SIGN_IDENTITY[sdk=iphoneos*]" = "iPhone Developer";
				COPY_PHASE_STRIP = NO;
				DEBUG_INFORMATION_FORMAT = dwarf;
				ENABLE_STRICT_OBJC_MSGSEND = YES;
				ENABLE_TESTABILITY = YES;
				GCC_C_LANGUAGE_STANDARD = gnu99;
				GCC_DYNAMIC_NO_PIC = NO;
				GCC_NO_COMMON_BLOCKS = YES;
				GCC_OPTIMIZATION_LEVEL = 0;
				GCC_PREPROCESSOR_DEFINITIONS = (
					"DEBUG=1",
					"$(inherited)",
				);
				GCC_WARN_64_TO_32_BIT_CONVERSION = YES;
				GCC_WARN_ABOUT_RETURN_TYPE = YES_ERROR;
				GCC_WARN_UNDECLARED_SELECTOR = YES;
				GCC_WARN_UNINITIALIZED_AUTOS = YES_AGGRESSIVE;
				GCC_WARN_UNUSED_FUNCTION = YES;
				GCC_WARN_UNUSED_VARIABLE = YES;
				IPHONEOS_DEPLOYMENT_TARGET = 9.1;
				MTL_ENABLE_DEBUG_INFO = YES;
				ONLY_ACTIVE_ARCH = YES;
				SDKROOT = iphoneos;
				SWIFT_OPTIMIZATION_LEVEL = "-Onone";
				TARGETED_DEVICE_FAMILY = "1,2";
			};
			name = Debug;
		};
		ACEC31731C06765C00EFA165 /* Release */ = {
			isa = XCBuildConfiguration;
			buildSettings = {
				ALWAYS_SEARCH_USER_PATHS = NO;
				CLANG_CXX_LANGUAGE_STANDARD = "gnu++0x";
				CLANG_CXX_LIBRARY = "libc++";
				CLANG_ENABLE_MODULES = YES;
				CLANG_ENABLE_OBJC_ARC = YES;
				CLANG_WARN_BOOL_CONVERSION = YES;
				CLANG_WARN_CONSTANT_CONVERSION = YES;
				CLANG_WARN_DIRECT_OBJC_ISA_USAGE = YES_ERROR;
				CLANG_WARN_EMPTY_BODY = YES;
				CLANG_WARN_ENUM_CONVERSION = YES;
				CLANG_WARN_INT_CONVERSION = YES;
				CLANG_WARN_OBJC_ROOT_CLASS = YES_ERROR;
				CLANG_WARN_UNREACHABLE_CODE = YES;
				CLANG_WARN__DUPLICATE_METHOD_MATCH = YES;
				"CODE_SIGN_IDENTITY[sdk=iphoneos*]" = "iPhone Developer";
				COPY_PHASE_STRIP = NO;
				DEBUG_INFORMATION_FORMAT = "dwarf-with-dsym";
				ENABLE_NS_ASSERTIONS = NO;
				ENABLE_STRICT_OBJC_MSGSEND = YES;
				GCC_C_LANGUAGE_STANDARD = gnu99;
				GCC_NO_COMMON_BLOCKS = YES;
				GCC_WARN_64_TO_32_BIT_CONVERSION = YES;
				GCC_WARN_ABOUT_RETURN_TYPE = YES_ERROR;
				GCC_WARN_UNDECLARED_SELECTOR = YES;
				GCC_WARN_UNINITIALIZED_AUTOS = YES_AGGRESSIVE;
				GCC_WARN_UNUSED_FUNCTION = YES;
				GCC_WARN_UNUSED_VARIABLE = YES;
				IPHONEOS_DEPLOYMENT_TARGET = 9.1;
				MTL_ENABLE_DEBUG_INFO = NO;
				SDKROOT = iphoneos;
				TARGETED_DEVICE_FAMILY = "1,2";
				VALIDATE_PRODUCT = YES;
			};
			name = Release;
		};
		ACEC31751C06765C00EFA165 /* Debug */ = {
			isa = XCBuildConfiguration;
			buildSettings = {
				ASSETCATALOG_COMPILER_APPICON_NAME = AppIcon;
				INFOPLIST_FILE = Reenact/Info.plist;
				LD_RUNPATH_SEARCH_PATHS = "$(inherited) @executable_path/Frameworks";
				PRODUCT_BUNDLE_IDENTIFIER = com.chrisfinke.Reenact;
				PRODUCT_NAME = "$(TARGET_NAME)";
			};
			name = Debug;
		};
		ACEC31761C06765C00EFA165 /* Release */ = {
			isa = XCBuildConfiguration;
			buildSettings = {
				ASSETCATALOG_COMPILER_APPICON_NAME = AppIcon;
				INFOPLIST_FILE = Reenact/Info.plist;
				LD_RUNPATH_SEARCH_PATHS = "$(inherited) @executable_path/Frameworks";
				PRODUCT_BUNDLE_IDENTIFIER = com.chrisfinke.Reenact;
				PRODUCT_NAME = "$(TARGET_NAME)";
			};
			name = Release;
		};
/* End XCBuildConfiguration section */

/* Begin XCConfigurationList section */
		ACEC315D1C06765C00EFA165 /* Build configuration list for PBXProject "Reenact" */ = {
			isa = XCConfigurationList;
			buildConfigurations = (
				ACEC31721C06765C00EFA165 /* Debug */,
				ACEC31731C06765C00EFA165 /* Release */,
			);
			defaultConfigurationIsVisible = 0;
			defaultConfigurationName = Release;
		};
		ACEC31741C06765C00EFA165 /* Build configuration list for PBXNativeTarget "Reenact" */ = {
			isa = XCConfigurationList;
			buildConfigurations = (
				ACEC31751C06765C00EFA165 /* Debug */,
				ACEC31761C06765C00EFA165 /* Release */,
			);
			defaultConfigurationIsVisible = 0;
			defaultConfigurationName = Release;
		};
/* End XCConfigurationList section */
	};
	rootObject = ACEC315A1C06765C00EFA165 /* Project object */;
}
